// !$*UTF8*$!
{
	archiveVersion = 1;
	classes = {
	};
	objectVersion = 50;
	objects = {

/* Begin PBXBuildFile section */
		EA6B8D7C20FFBBEA00008263 /* AppDelegate.swift in Sources */ = {isa = PBXBuildFile; fileRef = EA6B8D7B20FFBBEA00008263 /* AppDelegate.swift */; };
		EA6B8D7E20FFBBEA00008263 /* ViewController.swift in Sources */ = {isa = PBXBuildFile; fileRef = EA6B8D7D20FFBBEA00008263 /* ViewController.swift */; };
		EA6B8D8120FFBBEA00008263 /* Main.storyboard in Resources */ = {isa = PBXBuildFile; fileRef = EA6B8D7F20FFBBEA00008263 /* Main.storyboard */; settings = {ASSET_TAGS = (button, ); }; };
		EA6B8D8320FFBBEB00008263 /* Assets.xcassets in Resources */ = {isa = PBXBuildFile; fileRef = EA6B8D8220FFBBEB00008263 /* Assets.xcassets */; };
		EA6B8D8620FFBBEB00008263 /* LaunchScreen.storyboard in Resources */ = {isa = PBXBuildFile; fileRef = EA6B8D8420FFBBEB00008263 /* LaunchScreen.storyboard */; };
		EA6B8D9120FFBBEB00008263 /* SimpleCalculatorTests.swift in Sources */ = {isa = PBXBuildFile; fileRef = EA6B8D9020FFBBEB00008263 /* SimpleCalculatorTests.swift */; };
		EA6B8D9C20FFBBEB00008263 /* SimpleCalculatorUITests.swift in Sources */ = {isa = PBXBuildFile; fileRef = EA6B8D9B20FFBBEB00008263 /* SimpleCalculatorUITests.swift */; };
/* End PBXBuildFile section */

/* Begin PBXContainerItemProxy section */
		EA6B8D8D20FFBBEB00008263 /* PBXContainerItemProxy */ = {
			isa = PBXContainerItemProxy;
			containerPortal = EA6B8D7020FFBBEA00008263 /* Project object */;
			proxyType = 1;
			remoteGlobalIDString = EA6B8D7720FFBBEA00008263;
			remoteInfo = SimpleCalculator;
		};
		EA6B8D9820FFBBEB00008263 /* PBXContainerItemProxy */ = {
			isa = PBXContainerItemProxy;
			containerPortal = EA6B8D7020FFBBEA00008263 /* Project object */;
			proxyType = 1;
			remoteGlobalIDString = EA6B8D7720FFBBEA00008263;
			remoteInfo = SimpleCalculator;
		};
/* End PBXContainerItemProxy section */

/* Begin PBXFileReference section */
		EA6B8D7820FFBBEA00008263 /* SimpleCalculator.app */ = {isa = PBXFileReference; explicitFileType = wrapper.application; includeInIndex = 0; path = SimpleCalculator.app; sourceTree = BUILT_PRODUCTS_DIR; };
		EA6B8D7B20FFBBEA00008263 /* AppDelegate.swift */ = {isa = PBXFileReference; lastKnownFileType = sourcecode.swift; path = AppDelegate.swift; sourceTree = "<group>"; };
		EA6B8D7D20FFBBEA00008263 /* ViewController.swift */ = {isa = PBXFileReference; lastKnownFileType = sourcecode.swift; path = ViewController.swift; sourceTree = "<group>"; };
		EA6B8D8020FFBBEA00008263 /* Base */ = {isa = PBXFileReference; lastKnownFileType = file.storyboard; name = Base; path = Base.lproj/Main.storyboard; sourceTree = "<group>"; };
		EA6B8D8220FFBBEB00008263 /* Assets.xcassets */ = {isa = PBXFileReference; lastKnownFileType = folder.assetcatalog; path = Assets.xcassets; sourceTree = "<group>"; };
		EA6B8D8520FFBBEB00008263 /* Base */ = {isa = PBXFileReference; lastKnownFileType = file.storyboard; name = Base; path = Base.lproj/LaunchScreen.storyboard; sourceTree = "<group>"; };
		EA6B8D8720FFBBEB00008263 /* Info.plist */ = {isa = PBXFileReference; lastKnownFileType = text.plist.xml; path = Info.plist; sourceTree = "<group>"; };
		EA6B8D8C20FFBBEB00008263 /* SimpleCalculatorTests.xctest */ = {isa = PBXFileReference; explicitFileType = wrapper.cfbundle; includeInIndex = 0; path = SimpleCalculatorTests.xctest; sourceTree = BUILT_PRODUCTS_DIR; };
		EA6B8D9020FFBBEB00008263 /* SimpleCalculatorTests.swift */ = {isa = PBXFileReference; lastKnownFileType = sourcecode.swift; path = SimpleCalculatorTests.swift; sourceTree = "<group>"; };
		EA6B8D9220FFBBEB00008263 /* Info.plist */ = {isa = PBXFileReference; lastKnownFileType = text.plist.xml; path = Info.plist; sourceTree = "<group>"; };
		EA6B8D9720FFBBEB00008263 /* SimpleCalculatorUITests.xctest */ = {isa = PBXFileReference; explicitFileType = wrapper.cfbundle; includeInIndex = 0; path = SimpleCalculatorUITests.xctest; sourceTree = BUILT_PRODUCTS_DIR; };
		EA6B8D9B20FFBBEB00008263 /* SimpleCalculatorUITests.swift */ = {isa = PBXFileReference; lastKnownFileType = sourcecode.swift; path = SimpleCalculatorUITests.swift; sourceTree = "<group>"; };
		EA6B8D9D20FFBBEB00008263 /* Info.plist */ = {isa = PBXFileReference; lastKnownFileType = text.plist.xml; path = Info.plist; sourceTree = "<group>"; };
/* End PBXFileReference section */

/* Begin PBXFrameworksBuildPhase section */
		EA6B8D7520FFBBEA00008263 /* Frameworks */ = {
			isa = PBXFrameworksBuildPhase;
			buildActionMask = 2147483647;
			files = (
			);
			runOnlyForDeploymentPostprocessing = 0;
		};
		EA6B8D8920FFBBEB00008263 /* Frameworks */ = {
			isa = PBXFrameworksBuildPhase;
			buildActionMask = 2147483647;
			files = (
			);
			runOnlyForDeploymentPostprocessing = 0;
		};
		EA6B8D9420FFBBEB00008263 /* Frameworks */ = {
			isa = PBXFrameworksBuildPhase;
			buildActionMask = 2147483647;
			files = (
			);
			runOnlyForDeploymentPostprocessing = 0;
		};
/* End PBXFrameworksBuildPhase section */

/* Begin PBXGroup section */
		EA6B8D6F20FFBBEA00008263 = {
			isa = PBXGroup;
			children = (
				EA6B8D7A20FFBBEA00008263 /* SimpleCalculator */,
				EA6B8D8F20FFBBEB00008263 /* SimpleCalculatorTests */,
				EA6B8D9A20FFBBEB00008263 /* SimpleCalculatorUITests */,
				EA6B8D7920FFBBEA00008263 /* Products */,
			);
			sourceTree = "<group>";
		};
		EA6B8D7920FFBBEA00008263 /* Products */ = {
			isa = PBXGroup;
			children = (
				EA6B8D7820FFBBEA00008263 /* SimpleCalculator.app */,
				EA6B8D8C20FFBBEB00008263 /* SimpleCalculatorTests.xctest */,
				EA6B8D9720FFBBEB00008263 /* SimpleCalculatorUITests.xctest */,
			);
			name = Products;
			sourceTree = "<group>";
		};
		EA6B8D7A20FFBBEA00008263 /* SimpleCalculator */ = {
			isa = PBXGroup;
			children = (
				EA6B8D7B20FFBBEA00008263 /* AppDelegate.swift */,
				EA6B8D7D20FFBBEA00008263 /* ViewController.swift */,
				EA6B8D7F20FFBBEA00008263 /* Main.storyboard */,
				EA6B8D8220FFBBEB00008263 /* Assets.xcassets */,
				EA6B8D8420FFBBEB00008263 /* LaunchScreen.storyboard */,
				EA6B8D8720FFBBEB00008263 /* Info.plist */,
			);
			path = SimpleCalculator;
			sourceTree = "<group>";
		};
		EA6B8D8F20FFBBEB00008263 /* SimpleCalculatorTests */ = {
			isa = PBXGroup;
			children = (
				EA6B8D9020FFBBEB00008263 /* SimpleCalculatorTests.swift */,
				EA6B8D9220FFBBEB00008263 /* Info.plist */,
			);
			path = SimpleCalculatorTests;
			sourceTree = "<group>";
		};
		EA6B8D9A20FFBBEB00008263 /* SimpleCalculatorUITests */ = {
			isa = PBXGroup;
			children = (
				EA6B8D9B20FFBBEB00008263 /* SimpleCalculatorUITests.swift */,
				EA6B8D9D20FFBBEB00008263 /* Info.plist */,
			);
			path = SimpleCalculatorUITests;
			sourceTree = "<group>";
		};
/* End PBXGroup section */

/* Begin PBXNativeTarget section */
		EA6B8D7720FFBBEA00008263 /* SimpleCalculator */ = {
			isa = PBXNativeTarget;
			buildConfigurationList = EA6B8DA020FFBBEB00008263 /* Build configuration list for PBXNativeTarget "SimpleCalculator" */;
			buildPhases = (
				EA6B8D7420FFBBEA00008263 /* Sources */,
				EA6B8D7520FFBBEA00008263 /* Frameworks */,
				EA6B8D7620FFBBEA00008263 /* Resources */,
			);
			buildRules = (
			);
			dependencies = (
			);
			name = SimpleCalculator;
			productName = SimpleCalculator;
			productReference = EA6B8D7820FFBBEA00008263 /* SimpleCalculator.app */;
			productType = "com.apple.product-type.application";
		};
		EA6B8D8B20FFBBEB00008263 /* SimpleCalculatorTests */ = {
			isa = PBXNativeTarget;
			buildConfigurationList = EA6B8DA320FFBBEB00008263 /* Build configuration list for PBXNativeTarget "SimpleCalculatorTests" */;
			buildPhases = (
				EA6B8D8820FFBBEB00008263 /* Sources */,
				EA6B8D8920FFBBEB00008263 /* Frameworks */,
				EA6B8D8A20FFBBEB00008263 /* Resources */,
			);
			buildRules = (
			);
			dependencies = (
				EA6B8D8E20FFBBEB00008263 /* PBXTargetDependency */,
			);
			name = SimpleCalculatorTests;
			productName = SimpleCalculatorTests;
			productReference = EA6B8D8C20FFBBEB00008263 /* SimpleCalculatorTests.xctest */;
			productType = "com.apple.product-type.bundle.unit-test";
		};
		EA6B8D9620FFBBEB00008263 /* SimpleCalculatorUITests */ = {
			isa = PBXNativeTarget;
			buildConfigurationList = EA6B8DA620FFBBEB00008263 /* Build configuration list for PBXNativeTarget "SimpleCalculatorUITests" */;
			buildPhases = (
				EA6B8D9320FFBBEB00008263 /* Sources */,
				EA6B8D9420FFBBEB00008263 /* Frameworks */,
				EA6B8D9520FFBBEB00008263 /* Resources */,
			);
			buildRules = (
			);
			dependencies = (
				EA6B8D9920FFBBEB00008263 /* PBXTargetDependency */,
			);
			name = SimpleCalculatorUITests;
			productName = SimpleCalculatorUITests;
			productReference = EA6B8D9720FFBBEB00008263 /* SimpleCalculatorUITests.xctest */;
			productType = "com.apple.product-type.bundle.ui-testing";
		};
/* End PBXNativeTarget section */

/* Begin PBXProject section */
		EA6B8D7020FFBBEA00008263 /* Project object */ = {
			isa = PBXProject;
			attributes = {
				KnownAssetTags = (
					button,
				);
				LastSwiftUpdateCheck = 0940;
				LastUpgradeCheck = 0940;
				ORGANIZATIONNAME = "Sebastian DeRossi";
				TargetAttributes = {
					EA6B8D7720FFBBEA00008263 = {
						CreatedOnToolsVersion = 9.4.1;
					};
					EA6B8D8B20FFBBEB00008263 = {
						CreatedOnToolsVersion = 9.4.1;
						TestTargetID = EA6B8D7720FFBBEA00008263;
					};
					EA6B8D9620FFBBEB00008263 = {
						CreatedOnToolsVersion = 9.4.1;
						TestTargetID = EA6B8D7720FFBBEA00008263;
					};
				};
			};
			buildConfigurationList = EA6B8D7320FFBBEA00008263 /* Build configuration list for PBXProject "SimpleCalculator" */;
			compatibilityVersion = "Xcode 9.3";
			developmentRegion = en;
			hasScannedForEncodings = 0;
			knownRegions = (
				en,
				Base,
			);
			mainGroup = EA6B8D6F20FFBBEA00008263;
			productRefGroup = EA6B8D7920FFBBEA00008263 /* Products */;
			projectDirPath = "";
			projectRoot = "";
			targets = (
				EA6B8D7720FFBBEA00008263 /* SimpleCalculator */,
				EA6B8D8B20FFBBEB00008263 /* SimpleCalculatorTests */,
				EA6B8D9620FFBBEB00008263 /* SimpleCalculatorUITests */,
			);
		};
/* End PBXProject section */

/* Begin PBXResourcesBuildPhase section */
		EA6B8D7620FFBBEA00008263 /* Resources */ = {
			isa = PBXResourcesBuildPhase;
			buildActionMask = 2147483647;
			files = (
				EA6B8D8620FFBBEB00008263 /* LaunchScreen.storyboard in Resources */,
				EA6B8D8320FFBBEB00008263 /* Assets.xcassets in Resources */,
				EA6B8D8120FFBBEA00008263 /* Main.storyboard in Resources */,
			);
			runOnlyForDeploymentPostprocessing = 0;
		};
		EA6B8D8A20FFBBEB00008263 /* Resources */ = {
			isa = PBXResourcesBuildPhase;
			buildActionMask = 2147483647;
			files = (
			);
			runOnlyForDeploymentPostprocessing = 0;
		};
		EA6B8D9520FFBBEB00008263 /* Resources */ = {
			isa = PBXResourcesBuildPhase;
			buildActionMask = 2147483647;
			files = (
			);
			runOnlyForDeploymentPostprocessing = 0;
		};
/* End PBXResourcesBuildPhase section */

/* Begin PBXSourcesBuildPhase section */
		EA6B8D7420FFBBEA00008263 /* Sources */ = {
			isa = PBXSourcesBuildPhase;
			buildActionMask = 2147483647;
			files = (
				EA6B8D7E20FFBBEA00008263 /* ViewController.swift in Sources */,
				EA6B8D7C20FFBBEA00008263 /* AppDelegate.swift in Sources */,
			);
			runOnlyForDeploymentPostprocessing = 0;
		};
		EA6B8D8820FFBBEB00008263 /* Sources */ = {
			isa = PBXSourcesBuildPhase;
			buildActionMask = 2147483647;
			files = (
				EA6B8D9120FFBBEB00008263 /* SimpleCalculatorTests.swift in Sources */,
			);
			runOnlyForDeploymentPostprocessing = 0;
		};
		EA6B8D9320FFBBEB00008263 /* Sources */ = {
			isa = PBXSourcesBuildPhase;
			buildActionMask = 2147483647;
			files = (
				EA6B8D9C20FFBBEB00008263 /* SimpleCalculatorUITests.swift in Sources */,
			);
			runOnlyForDeploymentPostprocessing = 0;
		};
/* End PBXSourcesBuildPhase section */

/* Begin PBXTargetDependency section */
		EA6B8D8E20FFBBEB00008263 /* PBXTargetDependency */ = {
			isa = PBXTargetDependency;
			target = EA6B8D7720FFBBEA00008263 /* SimpleCalculator */;
			targetProxy = EA6B8D8D20FFBBEB00008263 /* PBXContainerItemProxy */;
		};
		EA6B8D9920FFBBEB00008263 /* PBXTargetDependency */ = {
			isa = PBXTargetDependency;
			target = EA6B8D7720FFBBEA00008263 /* SimpleCalculator */;
			targetProxy = EA6B8D9820FFBBEB00008263 /* PBXContainerItemProxy */;
		};
/* End PBXTargetDependency section */

/* Begin PBXVariantGroup section */
		EA6B8D7F20FFBBEA00008263 /* Main.storyboard */ = {
			isa = PBXVariantGroup;
			children = (
				EA6B8D8020FFBBEA00008263 /* Base */,
			);
			name = Main.storyboard;
			sourceTree = "<group>";
		};
		EA6B8D8420FFBBEB00008263 /* LaunchScreen.storyboard */ = {
			isa = PBXVariantGroup;
			children = (
				EA6B8D8520FFBBEB00008263 /* Base */,
			);
			name = LaunchScreen.storyboard;
			sourceTree = "<group>";
		};
/* End PBXVariantGroup section */

/* Begin XCBuildConfiguration section */
		EA6B8D9E20FFBBEB00008263 /* Debug */ = {
			isa = XCBuildConfiguration;
			buildSettings = {
				ALWAYS_SEARCH_USER_PATHS = NO;
				CLANG_ANALYZER_NONNULL = YES;
				CLANG_ANALYZER_NUMBER_OBJECT_CONVERSION = YES_AGGRESSIVE;
				CLANG_CXX_LANGUAGE_STANDARD = "gnu++14";
				CLANG_CXX_LIBRARY = "libc++";
				CLANG_ENABLE_MODULES = YES;
				CLANG_ENABLE_OBJC_ARC = YES;
				CLANG_ENABLE_OBJC_WEAK = YES;
				CLANG_WARN_BLOCK_CAPTURE_AUTORELEASING = YES;
				CLANG_WARN_BOOL_CONVERSION = YES;
				CLANG_WARN_COMMA = YES;
				CLANG_WARN_CONSTANT_CONVERSION = YES;
				CLANG_WARN_DEPRECATED_OBJC_IMPLEMENTATIONS = YES;
				CLANG_WARN_DIRECT_OBJC_ISA_USAGE = YES_ERROR;
				CLANG_WARN_DOCUMENTATION_COMMENTS = YES;
				CLANG_WARN_EMPTY_BODY = YES;
				CLANG_WARN_ENUM_CONVERSION = YES;
				CLANG_WARN_INFINITE_RECURSION = YES;
				CLANG_WARN_INT_CONVERSION = YES;
				CLANG_WARN_NON_LITERAL_NULL_CONVERSION = YES;
				CLANG_WARN_OBJC_IMPLICIT_RETAIN_SELF = YES;
				CLANG_WARN_OBJC_LITERAL_CONVERSION = YES;
				CLANG_WARN_OBJC_ROOT_CLASS = YES_ERROR;
				CLANG_WARN_RANGE_LOOP_ANALYSIS = YES;
				CLANG_WARN_STRICT_PROTOTYPES = YES;
				CLANG_WARN_SUSPICIOUS_MOVE = YES;
				CLANG_WARN_UNGUARDED_AVAILABILITY = YES_AGGRESSIVE;
				CLANG_WARN_UNREACHABLE_CODE = YES;
				CLANG_WARN__DUPLICATE_METHOD_MATCH = YES;
				CODE_SIGN_IDENTITY = "iPhone Developer";
				COPY_PHASE_STRIP = NO;
				DEBUG_INFORMATION_FORMAT = dwarf;
				ENABLE_STRICT_OBJC_MSGSEND = YES;
				ENABLE_TESTABILITY = YES;
				GCC_C_LANGUAGE_STANDARD = gnu11;
				GCC_DYNAMIC_NO_PIC = NO;
				GCC_NO_COMMON_BLOCKS = YES;
				GCC_OPTIMIZATION_LEVEL = 0;
				GCC_PREPROCESSOR_DEFINITIONS = (
					"DEBUG=1",
					"$(inherited)",
				);
				GCC_WARN_64_TO_32_BIT_CONVERSION = YES;
				GCC_WARN_ABOUT_RETURN_TYPE = YES_ERROR;
				GCC_WARN_UNDECLARED_SELECTOR = YES;
				GCC_WARN_UNINITIALIZED_AUTOS = YES_AGGRESSIVE;
				GCC_WARN_UNUSED_FUNCTION = YES;
				GCC_WARN_UNUSED_VARIABLE = YES;
				IPHONEOS_DEPLOYMENT_TARGET = 11.4;
				MTL_ENABLE_DEBUG_INFO = YES;
				ONLY_ACTIVE_ARCH = YES;
				SDKROOT = iphoneos;
				SWIFT_ACTIVE_COMPILATION_CONDITIONS = DEBUG;
				SWIFT_OPTIMIZATION_LEVEL = "-Onone";
			};
			name = Debug;
		};
		EA6B8D9F20FFBBEB00008263 /* Release */ = {
			isa = XCBuildConfiguration;
			buildSettings = {
				ALWAYS_SEARCH_USER_PATHS = NO;
				CLANG_ANALYZER_NONNULL = YES;
				CLANG_ANALYZER_NUMBER_OBJECT_CONVERSION = YES_AGGRESSIVE;
				CLANG_CXX_LANGUAGE_STANDARD = "gnu++14";
				CLANG_CXX_LIBRARY = "libc++";
				CLANG_ENABLE_MODULES = YES;
				CLANG_ENABLE_OBJC_ARC = YES;
				CLANG_ENABLE_OBJC_WEAK = YES;
				CLANG_WARN_BLOCK_CAPTURE_AUTORELEASING = YES;
				CLANG_WARN_BOOL_CONVERSION = YES;
				CLANG_WARN_COMMA = YES;
				CLANG_WARN_CONSTANT_CONVERSION = YES;
				CLANG_WARN_DEPRECATED_OBJC_IMPLEMENTATIONS = YES;
				CLANG_WARN_DIRECT_OBJC_ISA_USAGE = YES_ERROR;
				CLANG_WARN_DOCUMENTATION_COMMENTS = YES;
				CLANG_WARN_EMPTY_BODY = YES;
				CLANG_WARN_ENUM_CONVERSION = YES;
				CLANG_WARN_INFINITE_RECURSION = YES;
				CLANG_WARN_INT_CONVERSION = YES;
				CLANG_WARN_NON_LITERAL_NULL_CONVERSION = YES;
				CLANG_WARN_OBJC_IMPLICIT_RETAIN_SELF = YES;
				CLANG_WARN_OBJC_LITERAL_CONVERSION = YES;
				CLANG_WARN_OBJC_ROOT_CLASS = YES_ERROR;
				CLANG_WARN_RANGE_LOOP_ANALYSIS = YES;
				CLANG_WARN_STRICT_PROTOTYPES = YES;
				CLANG_WARN_SUSPICIOUS_MOVE = YES;
				CLANG_WARN_UNGUARDED_AVAILABILITY = YES_AGGRESSIVE;
				CLANG_WARN_UNREACHABLE_CODE = YES;
				CLANG_WARN__DUPLICATE_METHOD_MATCH = YES;
				CODE_SIGN_IDENTITY = "iPhone Developer";
				COPY_PHASE_STRIP = NO;
				DEBUG_INFORMATION_FORMAT = "dwarf-with-dsym";
				ENABLE_NS_ASSERTIONS = NO;
				ENABLE_STRICT_OBJC_MSGSEND = YES;
				GCC_C_LANGUAGE_STANDARD = gnu11;
				GCC_NO_COMMON_BLOCKS = YES;
				GCC_WARN_64_TO_32_BIT_CONVERSION = YES;
				GCC_WARN_ABOUT_RETURN_TYPE = YES_ERROR;
				GCC_WARN_UNDECLARED_SELECTOR = YES;
				GCC_WARN_UNINITIALIZED_AUTOS = YES_AGGRESSIVE;
				GCC_WARN_UNUSED_FUNCTION = YES;
				GCC_WARN_UNUSED_VARIABLE = YES;
				IPHONEOS_DEPLOYMENT_TARGET = 11.4;
				MTL_ENABLE_DEBUG_INFO = NO;
				SDKROOT = iphoneos;
				SWIFT_COMPILATION_MODE = wholemodule;
				SWIFT_OPTIMIZATION_LEVEL = "-O";
				VALIDATE_PRODUCT = YES;
			};
			name = Release;
		};
		EA6B8DA120FFBBEB00008263 /* Debug */ = {
			isa = XCBuildConfiguration;
			buildSettings = {
				ASSETCATALOG_COMPILER_APPICON_NAME = AppIcon;
				CODE_SIGN_STYLE = Automatic;
				DEVELOPMENT_TEAM = 6R8M5NR5B3;
				INFOPLIST_FILE = SimpleCalculator/Info.plist;
				LD_RUNPATH_SEARCH_PATHS = (
					"$(inherited)",
					"@executable_path/Frameworks",
				);
				PRODUCT_BUNDLE_IDENTIFIER = com.derossi.SimpleCalculator;
				PRODUCT_NAME = "$(TARGET_NAME)";
				SWIFT_VERSION = 4.0;
				TARGETED_DEVICE_FAMILY = 1;
			};
			name = Debug;
		};
		EA6B8DA220FFBBEB00008263 /* Release */ = {
			isa = XCBuildConfiguration;
			buildSettings = {
				ASSETCATALOG_COMPILER_APPICON_NAME = AppIcon;
				CODE_SIGN_STYLE = Automatic;
				DEVELOPMENT_TEAM = 6R8M5NR5B3;
				INFOPLIST_FILE = SimpleCalculator/Info.plist;
				LD_RUNPATH_SEARCH_PATHS = (
					"$(inherited)",
					"@executable_path/Frameworks",
				);
				PRODUCT_BUNDLE_IDENTIFIER = com.derossi.SimpleCalculator;
				PRODUCT_NAME = "$(TARGET_NAME)";
				SWIFT_VERSION = 4.0;
				TARGETED_DEVICE_FAMILY = 1;
			};
			name = Release;
		};
		EA6B8DA420FFBBEB00008263 /* Debug */ = {
			isa = XCBuildConfiguration;
			buildSettings = {
				ALWAYS_EMBED_SWIFT_STANDARD_LIBRARIES = YES;
				BUNDLE_LOADER = "$(TEST_HOST)";
				CODE_SIGN_STYLE = Automatic;
				DEVELOPMENT_TEAM = 6R8M5NR5B3;
				INFOPLIST_FILE = SimpleCalculatorTests/Info.plist;
				LD_RUNPATH_SEARCH_PATHS = (
					"$(inherited)",
					"@executable_path/Frameworks",
					"@loader_path/Frameworks",
				);
				PRODUCT_BUNDLE_IDENTIFIER = com.derossi.SimpleCalculatorTests;
				PRODUCT_NAME = "$(TARGET_NAME)";
				SWIFT_VERSION = 4.0;
				TARGETED_DEVICE_FAMILY = "1,2";
				TEST_HOST = "$(BUILT_PRODUCTS_DIR)/SimpleCalculator.app/SimpleCalculator";
			};
			name = Debug;
		};
		EA6B8DA520FFBBEB00008263 /* Release */ = {
			isa = XCBuildConfiguration;
			buildSettings = {
				ALWAYS_EMBED_SWIFT_STANDARD_LIBRARIES = YES;
				BUNDLE_LOADER = "$(TEST_HOST)";
				CODE_SIGN_STYLE = Automatic;
				DEVELOPMENT_TEAM = 6R8M5NR5B3;
				INFOPLIST_FILE = SimpleCalculatorTests/Info.plist;
				LD_RUNPATH_SEARCH_PATHS = (
					"$(inherited)",
					"@executable_path/Frameworks",
					"@loader_path/Frameworks",
				);
				PRODUCT_BUNDLE_IDENTIFIER = com.derossi.SimpleCalculatorTests;
				PRODUCT_NAME = "$(TARGET_NAME)";
				SWIFT_VERSION = 4.0;
				TARGETED_DEVICE_FAMILY = "1,2";
				TEST_HOST = "$(BUILT_PRODUCTS_DIR)/SimpleCalculator.app/SimpleCalculator";
			};
			name = Release;
		};
		EA6B8DA720FFBBEB00008263 /* Debug */ = {
			isa = XCBuildConfiguration;
			buildSettings = {
				ALWAYS_EMBED_SWIFT_STANDARD_LIBRARIES = YES;
				CODE_SIGN_STYLE = Automatic;
				DEVELOPMENT_TEAM = 6R8M5NR5B3;
				INFOPLIST_FILE = SimpleCalculatorUITests/Info.plist;
				LD_RUNPATH_SEARCH_PATHS = (
					"$(inherited)",
					"@executable_path/Frameworks",
					"@loader_path/Frameworks",
				);
				PRODUCT_BUNDLE_IDENTIFIER = com.derossi.SimpleCalculatorUITests;
				PRODUCT_NAME = "$(TARGET_NAME)";
				SWIFT_VERSION = 4.0;
				TARGETED_DEVICE_FAMILY = "1,2";
				TEST_TARGET_NAME = SimpleCalculator;
			};
			name = Debug;
		};
		EA6B8DA820FFBBEB00008263 /* Release */ = {
			isa = XCBuildConfiguration;
			buildSettings = {
				ALWAYS_EMBED_SWIFT_STANDARD_LIBRARIES = YES;
				CODE_SIGN_STYLE = Automatic;
				DEVELOPMENT_TEAM = 6R8M5NR5B3;
				INFOPLIST_FILE = SimpleCalculatorUITests/Info.plist;
				LD_RUNPATH_SEARCH_PATHS = (
					"$(inherited)",
					"@executable_path/Frameworks",
					"@loader_path/Frameworks",
				);
				PRODUCT_BUNDLE_IDENTIFIER = com.derossi.SimpleCalculatorUITests;
				PRODUCT_NAME = "$(TARGET_NAME)";
				SWIFT_VERSION = 4.0;
				TARGETED_DEVICE_FAMILY = "1,2";
				TEST_TARGET_NAME = SimpleCalculator;
			};
			name = Release;
		};
/* End XCBuildConfiguration section */

/* Begin XCConfigurationList section */
		EA6B8D7320FFBBEA00008263 /* Build configuration list for PBXProject "SimpleCalculator" */ = {
			isa = XCConfigurationList;
			buildConfigurations = (
				EA6B8D9E20FFBBEB00008263 /* Debug */,
				EA6B8D9F20FFBBEB00008263 /* Release */,
			);
			defaultConfigurationIsVisible = 0;
			defaultConfigurationName = Release;
		};
		EA6B8DA020FFBBEB00008263 /* Build configuration list for PBXNativeTarget "SimpleCalculator" */ = {
			isa = XCConfigurationList;
			buildConfigurations = (
				EA6B8DA120FFBBEB00008263 /* Debug */,
				EA6B8DA220FFBBEB00008263 /* Release */,
			);
			defaultConfigurationIsVisible = 0;
			defaultConfigurationName = Release;
		};
		EA6B8DA320FFBBEB00008263 /* Build configuration list for PBXNativeTarget "SimpleCalculatorTests" */ = {
			isa = XCConfigurationList;
			buildConfigurations = (
				EA6B8DA420FFBBEB00008263 /* Debug */,
				EA6B8DA520FFBBEB00008263 /* Release */,
			);
			defaultConfigurationIsVisible = 0;
			defaultConfigurationName = Release;
		};
		EA6B8DA620FFBBEB00008263 /* Build configuration list for PBXNativeTarget "SimpleCalculatorUITests" */ = {
			isa = XCConfigurationList;
			buildConfigurations = (
				EA6B8DA720FFBBEB00008263 /* Debug */,
				EA6B8DA820FFBBEB00008263 /* Release */,
			);
			defaultConfigurationIsVisible = 0;
			defaultConfigurationName = Release;
		};
/* End XCConfigurationList section */
	};
	rootObject = EA6B8D7020FFBBEA00008263 /* Project object */;
}
